
Microsoft Visual Studio Solution File, Format Version 12.00
# Visual Studio 14
VisualStudioVersion = 14.0.24720.0
MinimumVisualStudioVersion = 10.0.40219.1
Project("{FAE04EC0-301F-11D3-BF4B-00C04F79EFBC}") = "4-2SportsTeamEx6", "4-2SportsTeamEx6.csproj", "{0D8D8B5C-ED6F-40AC-BE6E-AD922F90F158}"
EndProject
Global
	GlobalSection(SolutionConfigurationPlatforms) = preSolution
		Debug|Any CPU = Debug|Any CPU
		Release|Any CPU = Release|Any CPU
	EndGlobalSection
	GlobalSection(ProjectConfigurationPlatforms) = postSolution
		{0D8D8B5C-ED6F-40AC-BE6E-AD922F90F158}.Debug|Any CPU.ActiveCfg = Debug|Any CPU
		{0D8D8B5C-ED6F-40AC-BE6E-AD922F90F158}.Debug|Any CPU.Build.0 = Debug|Any CPU
		{0D8D8B5C-ED6F-40AC-BE6E-AD922F90F158}.Release|Any CPU.ActiveCfg = Release|Any CPU
		{0D8D8B5C-ED6F-40AC-BE6E-AD922F90F158}.Release|Any CPU.Build.0 = Release|Any CPU
	EndGlobalSection
	GlobalSection(SolutionProperties) = preSolution
		HideSolutionNode = FALSE
	EndGlobalSection
	GlobalSection(TeamFoundationVersionControl) = preSolution
		SccNumberOfProjects = 2
		SccEnterpriseProvider = {4CA58AB2-18FA-4F8D-95D4-32DDF27D184C}
		SccTeamFoundationServer = https://cisteam.otc.edu/tfs/mb0242181
		SccLocalPath0 = .
		SccProjectUniqueName1 = 4-2SportsTeamEx6.csproj
		SccLocalPath1 = .
	EndGlobalSection
EndGlobal
