
Microsoft Visual Studio Solution File, Format Version 12.00
# Visual Studio 14
VisualStudioVersion = 14.0.25123.0
MinimumVisualStudioVersion = 10.0.40219.1
Project("{FAE04EC0-301F-11D3-BF4B-00C04F79EFBC}") = "DBExampleSQL", "DBExample\DBExampleSQL.csproj", "{735430DD-6F61-4278-9F13-FE3CE2556C87}"
EndProject
Global
	GlobalSection(SolutionConfigurationPlatforms) = preSolution
		Debug|Any CPU = Debug|Any CPU
		Release|Any CPU = Release|Any CPU
	EndGlobalSection
	GlobalSection(ProjectConfigurationPlatforms) = postSolution
		{735430DD-6F61-4278-9F13-FE3CE2556C87}.Debug|Any CPU.ActiveCfg = Debug|Any CPU
		{735430DD-6F61-4278-9F13-FE3CE2556C87}.Debug|Any CPU.Build.0 = Debug|Any CPU
		{735430DD-6F61-4278-9F13-FE3CE2556C87}.Release|Any CPU.ActiveCfg = Release|Any CPU
		{735430DD-6F61-4278-9F13-FE3CE2556C87}.Release|Any CPU.Build.0 = Release|Any CPU
	EndGlobalSection
	GlobalSection(SolutionProperties) = preSolution
		HideSolutionNode = FALSE
	EndGlobalSection
	GlobalSection(TeamFoundationVersionControl) = preSolution
		SccNumberOfProjects = 2
		SccEnterpriseProvider = {4CA58AB2-18FA-4F8D-95D4-32DDF27D184C}
		SccTeamFoundationServer = https://cisteam.otc.edu/tfs/mb0242181
		SccLocalPath0 = .
		SccProjectUniqueName1 = DBExample\\DBExampleSQL.csproj
		SccProjectName1 = DBExample
		SccLocalPath1 = DBExample
	EndGlobalSection
EndGlobal
